
Microsoft Visual Studio Solution File, Format Version 12.00
# Visual Studio Version 17
VisualStudioVersion = 17.9.34723.18
MinimumVisualStudioVersion = 10.0.40219.1
Project("{FAE04EC0-301F-11D3-BF4B-00C04F79EFBC}") = "tictactoe", "tictactoe.csproj", "{D3619749-0CA2-4F56-828D-F4C5C00F9480}"
EndProject
Global
	GlobalSection(SolutionConfigurationPlatforms) = preSolution
		Debug|Any CPU = Debug|Any CPU
		Release|Any CPU = Release|Any CPU
	EndGlobalSection
	GlobalSection(ProjectConfigurationPlatforms) = postSolution
		{D3619749-0CA2-4F56-828D-F4C5C00F9480}.Debug|Any CPU.ActiveCfg = Debug|Any CPU
		{D3619749-0CA2-4F56-828D-F4C5C00F9480}.Debug|Any CPU.Build.0 = Debug|Any CPU
		{D3619749-0CA2-4F56-828D-F4C5C00F9480}.Release|Any CPU.ActiveCfg = Release|Any CPU
		{D3619749-0CA2-4F56-828D-F4C5C00F9480}.Release|Any CPU.Build.0 = Release|Any CPU
	EndGlobalSection
	GlobalSection(SolutionProperties) = preSolution
		HideSolutionNode = FALSE
	EndGlobalSection
	GlobalSection(ExtensibilityGlobals) = postSolution
		SolutionGuid = {EF76FE6C-3FC2-481B-BCB8-EF75BF6CE839}
	EndGlobalSection
EndGlobal
